{
  "name": "allotr-https-graphql-apigateway",
  "version": "1.0.0",
  "lockfileVersion": 3,
  "requires": true,
  "packages": {
    "": {
      "name": "allotr-https-graphql-apigateway",
      "version": "1.0.0",
      "license": "ISC",
      "dependencies": {
        "@envelop/graphql-jit": "^6.0.1",
        "@envelop/parser-cache": "^6.0.1",
        "@graphql-tools/executor-http": "^1.0.2",
        "@graphql-tools/stitch": "^9.0.1",
        "@graphql-tools/utils": "^9.0.1",
        "cookie": "^0.5.0",
        "cookie-parser": "^1.4.6",
        "dotenv": "^16.3.1",
        "graphql": "^15.5.0",
        "graphql-yoga": "^4.0.4",
        "uWebSockets.js": "github:uNetworking/uWebSockets.js#v20.59.0"
      },
      "devDependencies": {
        "@types/cookie": "^0.5.1",
        "@types/cookie-parser": "^1.4.3",
        "typescript": "^5.2.2"
      }
    },
    "node_modules/@envelop/core": {
      "version": "4.0.3",
      "resolved": "https://registry.npmjs.org/@envelop/core/-/core-4.0.3.tgz",
      "integrity": "sha512-O0Vz8E0TObT6ijAob8jYFVJavcGywKThM3UAsxUIBBVPYZTMiqI9lo2gmAnbMUnrDcAYkUTZEW9FDYPRdF5l6g==",
      "license": "MIT",
      "peer": true,
      "dependencies": {
        "@envelop/types": "4.0.1",
        "tslib": "^2.5.0"
      },
      "engines": {
        "node": ">=16.0.0"
      }
    },
    "node_modules/@envelop/graphql-jit": {
      "version": "6.0.5",
      "resolved": "https://registry.npmjs.org/@envelop/graphql-jit/-/graphql-jit-6.0.5.tgz",
      "integrity": "sha512-yrgZslAtOBPPfJlW4orT5Ge/k1gSy1gn/1QDNcPVv/6lprbHYaC/QXAo5WdHxSA0KYgzxqYOSX1jnSQjMDkOWA==",
      "license": "MIT",
      "dependencies": {
        "graphql-jit": "^0.8.0",
        "lru-cache": "^10.0.0",
        "tslib": "^2.5.0"
      },
      "engines": {
        "node": ">=16.0.0"
      },
      "peerDependencies": {
        "@envelop/core": "^4.0.3",
        "graphql": "^14.0.0 || ^15.0.0 || ^16.0.0"
      }
    },
    "node_modules/@envelop/instrumentation": {
      "version": "1.0.0",
      "resolved": "https://registry.npmjs.org/@envelop/instrumentation/-/instrumentation-1.0.0.tgz",
      "integrity": "sha512-cxgkB66RQB95H3X27jlnxCRNTmPuSTgmBAq6/4n2Dtv4hsk4yz8FadA1ggmd0uZzvKqWD6CR+WFgTjhDqg7eyw==",
      "license": "MIT",
      "dependencies": {
        "@whatwg-node/promise-helpers": "^1.2.1",
        "tslib": "^2.5.0"
      },
      "engines": {
        "node": ">=18.0.0"
      }
    },
    "node_modules/@envelop/parser-cache": {
      "version": "6.0.4",
      "resolved": "https://registry.npmjs.org/@envelop/parser-cache/-/parser-cache-6.0.4.tgz",
      "integrity": "sha512-u1cDAFlZ8hGU/F5b/Xeu/OlCGhMfN6Wcdo+KXcOJBL+Uh+0AHNCoD0FJXavwX1KhLpT03dSjFPgl1KDRx8HSYQ==",
      "license": "MIT",
      "dependencies": {
        "lru-cache": "^10.0.0",
        "tslib": "^2.5.0"
      },
      "engines": {
        "node": ">=16.0.0"
      },
      "peerDependencies": {
        "@envelop/core": "^4.0.3",
        "graphql": "^14.0.0 || ^15.0.0 || ^16.0.0"
      }
    },
    "node_modules/@envelop/types": {
      "version": "4.0.1",
      "resolved": "https://registry.npmjs.org/@envelop/types/-/types-4.0.1.tgz",
      "integrity": "sha512-ULo27/doEsP7uUhm2iTnElx13qTO6I5FKvmLoX41cpfuw8x6e0NUFknoqhEsLzAbgz8xVS5mjwcxGCXh4lDYzg==",
      "license": "MIT",
      "dependencies": {
        "tslib": "^2.5.0"
      },
      "engines": {
        "node": ">=16.0.0"
      }
    },
    "node_modules/@fastify/busboy": {
      "version": "3.2.0",
      "resolved": "https://registry.npmjs.org/@fastify/busboy/-/busboy-3.2.0.tgz",
      "integrity": "sha512-m9FVDXU3GT2ITSe0UaMA5rU3QkfC/UXtCU8y0gSN/GugTqtVldOBWIB5V6V3sbmenVZUIpU6f+mPEO2+m5iTaA==",
      "license": "MIT"
    },
    "node_modules/@fastify/merge-json-schemas": {
      "version": "0.1.1",
      "resolved": "https://registry.npmjs.org/@fastify/merge-json-schemas/-/merge-json-schemas-0.1.1.tgz",
      "integrity": "sha512-fERDVz7topgNjtXsJTTW1JKLy0rhuLRcquYqNR9rF7OcVpCa2OVW49ZPDIhaRRCaUuvVxI+N416xUoF76HNSXA==",
      "license": "MIT",
      "dependencies": {
        "fast-deep-equal": "^3.1.3"
      }
    },
    "node_modules/@graphql-hive/signal": {
      "version": "1.0.0",
      "resolved": "https://registry.npmjs.org/@graphql-hive/signal/-/signal-1.0.0.tgz",
      "integrity": "sha512-RiwLMc89lTjvyLEivZ/qxAC5nBHoS2CtsWFSOsN35sxG9zoo5Z+JsFHM8MlvmO9yt+MJNIyC5MLE1rsbOphlag==",
      "license": "MIT",
      "engines": {
        "node": ">=18.0.0"
      }
    },
    "node_modules/@graphql-tools/batch-delegate": {
      "version": "9.0.41",
      "resolved": "https://registry.npmjs.org/@graphql-tools/batch-delegate/-/batch-delegate-9.0.41.tgz",
      "integrity": "sha512-ypPT32Ba4imLoXuDYbmCzU7E7i6y9TzJW/JYgt1CQZZy5BJUNnIQ2SE4AnttnyzSfGbYd3aMiVVSK9Ta3E3dKA==",
      "license": "MIT",
      "dependencies": {
        "@graphql-tools/delegate": "^10.2.23",
        "@graphql-tools/utils": "^10.9.1",
        "@whatwg-node/promise-helpers": "^1.3.0",
        "dataloader": "^2.2.3",
        "tslib": "^2.8.1"
      },
      "engines": {
        "node": ">=18.0.0"
      },
      "peerDependencies": {
        "graphql": "^14.0.0 || ^15.0.0 || ^16.0.0 || ^17.0.0"
      }
    },
    "node_modules/@graphql-tools/batch-delegate/node_modules/@graphql-tools/utils": {
      "version": "10.11.0",
      "resolved": "https://registry.npmjs.org/@graphql-tools/utils/-/utils-10.11.0.tgz",
      "integrity": "sha512-iBFR9GXIs0gCD+yc3hoNswViL1O5josI33dUqiNStFI/MHLCEPduasceAcazRH77YONKNiviHBV8f7OgcT4o2Q==",
      "license": "MIT",
      "dependencies": {
        "@graphql-typed-document-node/core": "^3.1.1",
        "@whatwg-node/promise-helpers": "^1.0.0",
        "cross-inspect": "1.0.1",
        "tslib": "^2.4.0"
      },
      "engines": {
        "node": ">=16.0.0"
      },
      "peerDependencies": {
        "graphql": "^14.0.0 || ^15.0.0 || ^16.0.0 || ^17.0.0"
      }
    },
    "node_modules/@graphql-tools/batch-execute": {
      "version": "9.0.19",
      "resolved": "https://registry.npmjs.org/@graphql-tools/batch-execute/-/batch-execute-9.0.19.tgz",
      "integrity": "sha512-VGamgY4PLzSx48IHPoblRw0oTaBa7S26RpZXt0Y4NN90ytoE0LutlpB2484RbkfcTjv9wa64QD474+YP1kEgGA==",
      "license": "MIT",
      "dependencies": {
        "@graphql-tools/utils": "^10.9.1",
        "@whatwg-node/promise-helpers": "^1.3.0",
        "dataloader": "^2.2.3",
        "tslib": "^2.8.1"
      },
      "engines": {
        "node": ">=18.0.0"
      },
      "peerDependencies": {
        "graphql": "^14.0.0 || ^15.0.0 || ^16.0.0 || ^17.0.0"
      }
    },
    "node_modules/@graphql-tools/batch-execute/node_modules/@graphql-tools/utils": {
      "version": "10.11.0",
      "resolved": "https://registry.npmjs.org/@graphql-tools/utils/-/utils-10.11.0.tgz",
      "integrity": "sha512-iBFR9GXIs0gCD+yc3hoNswViL1O5josI33dUqiNStFI/MHLCEPduasceAcazRH77YONKNiviHBV8f7OgcT4o2Q==",
      "license": "MIT",
      "dependencies": {
        "@graphql-typed-document-node/core": "^3.1.1",
        "@whatwg-node/promise-helpers": "^1.0.0",
        "cross-inspect": "1.0.1",
        "tslib": "^2.4.0"
      },
      "engines": {
        "node": ">=16.0.0"
      },
      "peerDependencies": {
        "graphql": "^14.0.0 || ^15.0.0 || ^16.0.0 || ^17.0.0"
      }
    },
    "node_modules/@graphql-tools/delegate": {
      "version": "10.2.23",
      "resolved": "https://registry.npmjs.org/@graphql-tools/delegate/-/delegate-10.2.23.tgz",
      "integrity": "sha512-xrPtl7f1LxS+B6o+W7ueuQh67CwRkfl+UKJncaslnqYdkxKmNBB4wnzVcW8ZsRdwbsla/v43PtwAvSlzxCzq2w==",
      "license": "MIT",
      "dependencies": {
        "@graphql-tools/batch-execute": "^9.0.19",
        "@graphql-tools/executor": "^1.4.9",
        "@graphql-tools/schema": "^10.0.25",
        "@graphql-tools/utils": "^10.9.1",
        "@repeaterjs/repeater": "^3.0.6",
        "@whatwg-node/promise-helpers": "^1.3.0",
        "dataloader": "^2.2.3",
        "dset": "^3.1.2",
        "tslib": "^2.8.1"
      },
      "engines": {
        "node": ">=18.0.0"
      },
      "peerDependencies": {
        "graphql": "^14.0.0 || ^15.0.0 || ^16.0.0 || ^17.0.0"
      }
    },
    "node_modules/@graphql-tools/delegate/node_modules/@graphql-tools/utils": {
      "version": "10.11.0",
      "resolved": "https://registry.npmjs.org/@graphql-tools/utils/-/utils-10.11.0.tgz",
      "integrity": "sha512-iBFR9GXIs0gCD+yc3hoNswViL1O5josI33dUqiNStFI/MHLCEPduasceAcazRH77YONKNiviHBV8f7OgcT4o2Q==",
      "license": "MIT",
      "dependencies": {
        "@graphql-typed-document-node/core": "^3.1.1",
        "@whatwg-node/promise-helpers": "^1.0.0",
        "cross-inspect": "1.0.1",
        "tslib": "^2.4.0"
      },
      "engines": {
        "node": ">=16.0.0"
      },
      "peerDependencies": {
        "graphql": "^14.0.0 || ^15.0.0 || ^16.0.0 || ^17.0.0"
      }
    },
    "node_modules/@graphql-tools/executor": {
      "version": "1.5.1",
      "resolved": "https://registry.npmjs.org/@graphql-tools/executor/-/executor-1.5.1.tgz",
      "integrity": "sha512-n94Qcu875Mji9GQ52n5UbgOTxlgvFJicBPYD+FRks9HKIQpdNPjkkrKZUYNG51XKa+bf03rxNflm4+wXhoHHrA==",
      "license": "MIT",
      "dependencies": {
        "@graphql-tools/utils": "^11.0.0",
        "@graphql-typed-document-node/core": "^3.2.0",
        "@repeaterjs/repeater": "^3.0.4",
        "@whatwg-node/disposablestack": "^0.0.6",
        "@whatwg-node/promise-helpers": "^1.0.0",
        "tslib": "^2.4.0"
      },
      "engines": {
        "node": ">=16.0.0"
      },
      "peerDependencies": {
        "graphql": "^14.0.0 || ^15.0.0 || ^16.0.0 || ^17.0.0"
      }
    },
    "node_modules/@graphql-tools/executor-common": {
      "version": "0.0.4",
      "resolved": "https://registry.npmjs.org/@graphql-tools/executor-common/-/executor-common-0.0.4.tgz",
      "integrity": "sha512-SEH/OWR+sHbknqZyROCFHcRrbZeUAyjCsgpVWCRjqjqRbiJiXq6TxNIIOmpXgkrXWW/2Ev4Wms6YSGJXjdCs6Q==",
      "license": "MIT",
      "dependencies": {
        "@envelop/core": "^5.2.3",
        "@graphql-tools/utils": "^10.8.1"
      },
      "engines": {
        "node": ">=18.0.0"
      },
      "peerDependencies": {
        "graphql": "^14.0.0 || ^15.0.0 || ^16.0.0 || ^17.0.0"
      }
    },
    "node_modules/@graphql-tools/executor-common/node_modules/@envelop/core": {
      "version": "5.5.1",
      "resolved": "https://registry.npmjs.org/@envelop/core/-/core-5.5.1.tgz",
      "integrity": "sha512-3DQg8sFskDo386TkL5j12jyRAdip/8yzK3x7YGbZBgobZ4aKXrvDU0GppU0SnmrpQnNaiTUsxBs9LKkwQ/eyvw==",
      "license": "MIT",
      "dependencies": {
        "@envelop/instrumentation": "^1.0.0",
        "@envelop/types": "^5.2.1",
        "@whatwg-node/promise-helpers": "^1.2.4",
        "tslib": "^2.5.0"
      },
      "engines": {
        "node": ">=18.0.0"
      }
    },
    "node_modules/@graphql-tools/executor-common/node_modules/@envelop/types": {
      "version": "5.2.1",
      "resolved": "https://registry.npmjs.org/@envelop/types/-/types-5.2.1.tgz",
      "integrity": "sha512-CsFmA3u3c2QoLDTfEpGr4t25fjMU31nyvse7IzWTvb0ZycuPjMjb0fjlheh+PbhBYb9YLugnT2uY6Mwcg1o+Zg==",
      "license": "MIT",
      "dependencies": {
        "@whatwg-node/promise-helpers": "^1.0.0",
        "tslib": "^2.5.0"
      },
      "engines": {
        "node": ">=18.0.0"
      }
    },
    "node_modules/@graphql-tools/executor-common/node_modules/@graphql-tools/utils": {
      "version": "10.11.0",
      "resolved": "https://registry.npmjs.org/@graphql-tools/utils/-/utils-10.11.0.tgz",
      "integrity": "sha512-iBFR9GXIs0gCD+yc3hoNswViL1O5josI33dUqiNStFI/MHLCEPduasceAcazRH77YONKNiviHBV8f7OgcT4o2Q==",
      "license": "MIT",
      "dependencies": {
        "@graphql-typed-document-node/core": "^3.1.1",
        "@whatwg-node/promise-helpers": "^1.0.0",
        "cross-inspect": "1.0.1",
        "tslib": "^2.4.0"
      },
      "engines": {
        "node": ">=16.0.0"
      },
      "peerDependencies": {
        "graphql": "^14.0.0 || ^15.0.0 || ^16.0.0 || ^17.0.0"
      }
    },
    "node_modules/@graphql-tools/executor-http": {
      "version": "1.3.3",
      "resolved": "https://registry.npmjs.org/@graphql-tools/executor-http/-/executor-http-1.3.3.tgz",
      "integrity": "sha512-LIy+l08/Ivl8f8sMiHW2ebyck59JzyzO/yF9SFS4NH6MJZUezA1xThUXCDIKhHiD56h/gPojbkpcFvM2CbNE7A==",
      "license": "MIT",
      "dependencies": {
        "@graphql-hive/signal": "^1.0.0",
        "@graphql-tools/executor-common": "^0.0.4",
        "@graphql-tools/utils": "^10.8.1",
        "@repeaterjs/repeater": "^3.0.4",
        "@whatwg-node/disposablestack": "^0.0.6",
        "@whatwg-node/fetch": "^0.10.4",
        "@whatwg-node/promise-helpers": "^1.3.0",
        "meros": "^1.2.1",
        "tslib": "^2.8.1"
      },
      "engines": {
        "node": ">=18.0.0"
      },
      "peerDependencies": {
        "graphql": "^14.0.0 || ^15.0.0 || ^16.0.0 || ^17.0.0"
      }
    },
    "node_modules/@graphql-tools/executor-http/node_modules/@graphql-tools/utils": {
      "version": "10.11.0",
      "resolved": "https://registry.npmjs.org/@graphql-tools/utils/-/utils-10.11.0.tgz",
      "integrity": "sha512-iBFR9GXIs0gCD+yc3hoNswViL1O5josI33dUqiNStFI/MHLCEPduasceAcazRH77YONKNiviHBV8f7OgcT4o2Q==",
      "license": "MIT",
      "dependencies": {
        "@graphql-typed-document-node/core": "^3.1.1",
        "@whatwg-node/promise-helpers": "^1.0.0",
        "cross-inspect": "1.0.1",
        "tslib": "^2.4.0"
      },
      "engines": {
        "node": ">=16.0.0"
      },
      "peerDependencies": {
        "graphql": "^14.0.0 || ^15.0.0 || ^16.0.0 || ^17.0.0"
      }
    },
    "node_modules/@graphql-tools/executor/node_modules/@graphql-tools/utils": {
      "version": "11.0.0",
      "resolved": "https://registry.npmjs.org/@graphql-tools/utils/-/utils-11.0.0.tgz",
      "integrity": "sha512-bM1HeZdXA2C3LSIeLOnH/bcqSgbQgKEDrjxODjqi3y58xai2TkNrtYcQSoWzGbt9VMN1dORGjR7Vem8SPnUFQA==",
      "license": "MIT",
      "dependencies": {
        "@graphql-typed-document-node/core": "^3.1.1",
        "@whatwg-node/promise-helpers": "^1.0.0",
        "cross-inspect": "1.0.1",
        "tslib": "^2.4.0"
      },
      "engines": {
        "node": ">=16.0.0"
      },
      "peerDependencies": {
        "graphql": "^14.0.0 || ^15.0.0 || ^16.0.0 || ^17.0.0"
      }
    },
    "node_modules/@graphql-tools/merge": {
      "version": "9.1.7",
      "resolved": "https://registry.npmjs.org/@graphql-tools/merge/-/merge-9.1.7.tgz",
      "integrity": "sha512-Y5E1vTbTabvcXbkakdFUt4zUIzB1fyaEnVmIWN0l0GMed2gdD01TpZWLUm4RNAxpturvolrb24oGLQrBbPLSoQ==",
      "license": "MIT",
      "dependencies": {
        "@graphql-tools/utils": "^11.0.0",
        "tslib": "^2.4.0"
      },
      "engines": {
        "node": ">=16.0.0"
      },
      "peerDependencies": {
        "graphql": "^14.0.0 || ^15.0.0 || ^16.0.0 || ^17.0.0"
      }
    },
    "node_modules/@graphql-tools/merge/node_modules/@graphql-tools/utils": {
      "version": "11.0.0",
      "resolved": "https://registry.npmjs.org/@graphql-tools/utils/-/utils-11.0.0.tgz",
      "integrity": "sha512-bM1HeZdXA2C3LSIeLOnH/bcqSgbQgKEDrjxODjqi3y58xai2TkNrtYcQSoWzGbt9VMN1dORGjR7Vem8SPnUFQA==",
      "license": "MIT",
      "dependencies": {
        "@graphql-typed-document-node/core": "^3.1.1",
        "@whatwg-node/promise-helpers": "^1.0.0",
        "cross-inspect": "1.0.1",
        "tslib": "^2.4.0"
      },
      "engines": {
        "node": ">=16.0.0"
      },
      "peerDependencies": {
        "graphql": "^14.0.0 || ^15.0.0 || ^16.0.0 || ^17.0.0"
      }
    },
    "node_modules/@graphql-tools/schema": {
      "version": "10.0.31",
      "resolved": "https://registry.npmjs.org/@graphql-tools/schema/-/schema-10.0.31.tgz",
      "integrity": "sha512-ZewRgWhXef6weZ0WiP7/MV47HXiuFbFpiDUVLQl6mgXsWSsGELKFxQsyUCBos60Qqy1JEFAIu3Ns6GGYjGkqkQ==",
      "license": "MIT",
      "dependencies": {
        "@graphql-tools/merge": "^9.1.7",
        "@graphql-tools/utils": "^11.0.0",
        "tslib": "^2.4.0"
      },
      "engines": {
        "node": ">=16.0.0"
      },
      "peerDependencies": {
        "graphql": "^14.0.0 || ^15.0.0 || ^16.0.0 || ^17.0.0"
      }
    },
    "node_modules/@graphql-tools/schema/node_modules/@graphql-tools/utils": {
      "version": "11.0.0",
      "resolved": "https://registry.npmjs.org/@graphql-tools/utils/-/utils-11.0.0.tgz",
      "integrity": "sha512-bM1HeZdXA2C3LSIeLOnH/bcqSgbQgKEDrjxODjqi3y58xai2TkNrtYcQSoWzGbt9VMN1dORGjR7Vem8SPnUFQA==",
      "license": "MIT",
      "dependencies": {
        "@graphql-typed-document-node/core": "^3.1.1",
        "@whatwg-node/promise-helpers": "^1.0.0",
        "cross-inspect": "1.0.1",
        "tslib": "^2.4.0"
      },
      "engines": {
        "node": ">=16.0.0"
      },
      "peerDependencies": {
        "graphql": "^14.0.0 || ^15.0.0 || ^16.0.0 || ^17.0.0"
      }
    },
    "node_modules/@graphql-tools/stitch": {
      "version": "9.4.29",
      "resolved": "https://registry.npmjs.org/@graphql-tools/stitch/-/stitch-9.4.29.tgz",
      "integrity": "sha512-rx7GvUlDQLm7SdWURdtBhxOdjAlqtvbK8PiAFx5J+WmFAN3x9H4uP2B/Wwo3Oqj04f3yiEPRAdrOowdlgPEOlQ==",
      "license": "MIT",
      "dependencies": {
        "@graphql-tools/batch-delegate": "^9.0.41",
        "@graphql-tools/delegate": "^10.2.23",
        "@graphql-tools/executor": "^1.4.9",
        "@graphql-tools/merge": "^9.1.1",
        "@graphql-tools/schema": "^10.0.25",
        "@graphql-tools/utils": "^10.9.1",
        "@graphql-tools/wrap": "^10.1.4",
        "@whatwg-node/promise-helpers": "^1.3.0",
        "tslib": "^2.8.1"
      },
      "engines": {
        "node": ">=18.0.0"
      },
      "peerDependencies": {
        "graphql": "^14.0.0 || ^15.0.0 || ^16.0.0 || ^17.0.0"
      }
    },
    "node_modules/@graphql-tools/stitch/node_modules/@graphql-tools/utils": {
      "version": "10.11.0",
      "resolved": "https://registry.npmjs.org/@graphql-tools/utils/-/utils-10.11.0.tgz",
      "integrity": "sha512-iBFR9GXIs0gCD+yc3hoNswViL1O5josI33dUqiNStFI/MHLCEPduasceAcazRH77YONKNiviHBV8f7OgcT4o2Q==",
      "license": "MIT",
      "dependencies": {
        "@graphql-typed-document-node/core": "^3.1.1",
        "@whatwg-node/promise-helpers": "^1.0.0",
        "cross-inspect": "1.0.1",
        "tslib": "^2.4.0"
      },
      "engines": {
        "node": ">=16.0.0"
      },
      "peerDependencies": {
        "graphql": "^14.0.0 || ^15.0.0 || ^16.0.0 || ^17.0.0"
      }
    },
    "node_modules/@graphql-tools/utils": {
      "version": "9.2.1",
      "resolved": "https://registry.npmjs.org/@graphql-tools/utils/-/utils-9.2.1.tgz",
      "integrity": "sha512-WUw506Ql6xzmOORlriNrD6Ugx+HjVgYxt9KCXD9mHAak+eaXSwuGGPyE60hy9xaDEoXKBsG7SkG69ybitaVl6A==",
      "license": "MIT",
      "dependencies": {
        "@graphql-typed-document-node/core": "^3.1.1",
        "tslib": "^2.4.0"
      },
      "peerDependencies": {
        "graphql": "^14.0.0 || ^15.0.0 || ^16.0.0 || ^17.0.0"
      }
    },
    "node_modules/@graphql-tools/wrap": {
      "version": "10.1.4",
      "resolved": "https://registry.npmjs.org/@graphql-tools/wrap/-/wrap-10.1.4.tgz",
      "integrity": "sha512-7pyNKqXProRjlSdqOtrbnFRMQAVamCmEREilOXtZujxY6kYit3tvWWSjUrcIOheltTffoRh7EQSjpy2JDCzasg==",
      "license": "MIT",
      "dependencies": {
        "@graphql-tools/delegate": "^10.2.23",
        "@graphql-tools/schema": "^10.0.25",
        "@graphql-tools/utils": "^10.9.1",
        "@whatwg-node/promise-helpers": "^1.3.0",
        "tslib": "^2.8.1"
      },
      "engines": {
        "node": ">=18.0.0"
      },
      "peerDependencies": {
        "graphql": "^14.0.0 || ^15.0.0 || ^16.0.0 || ^17.0.0"
      }
    },
    "node_modules/@graphql-tools/wrap/node_modules/@graphql-tools/utils": {
      "version": "10.11.0",
      "resolved": "https://registry.npmjs.org/@graphql-tools/utils/-/utils-10.11.0.tgz",
      "integrity": "sha512-iBFR9GXIs0gCD+yc3hoNswViL1O5josI33dUqiNStFI/MHLCEPduasceAcazRH77YONKNiviHBV8f7OgcT4o2Q==",
      "license": "MIT",
      "dependencies": {
        "@graphql-typed-document-node/core": "^3.1.1",
        "@whatwg-node/promise-helpers": "^1.0.0",
        "cross-inspect": "1.0.1",
        "tslib": "^2.4.0"
      },
      "engines": {
        "node": ">=16.0.0"
      },
      "peerDependencies": {
        "graphql": "^14.0.0 || ^15.0.0 || ^16.0.0 || ^17.0.0"
      }
    },
    "node_modules/@graphql-typed-document-node/core": {
      "version": "3.2.0",
      "resolved": "https://registry.npmjs.org/@graphql-typed-document-node/core/-/core-3.2.0.tgz",
      "integrity": "sha512-mB9oAsNCm9aM3/SOv4YtBMqZbYj10R7dkq8byBqxGY/ncFwhf2oQzMV+LCRlWoDSEBJ3COiR1yeDvMtsoOsuFQ==",
      "license": "MIT",
      "peerDependencies": {
        "graphql": "^0.8.0 || ^0.9.0 || ^0.10.0 || ^0.11.0 || ^0.12.0 || ^0.13.0 || ^14.0.0 || ^15.0.0 || ^16.0.0 || ^17.0.0"
      }
    },
    "node_modules/@graphql-yoga/logger": {
      "version": "1.0.0",
      "resolved": "https://registry.npmjs.org/@graphql-yoga/logger/-/logger-1.0.0.tgz",
      "integrity": "sha512-JYoxwnPggH2BfO+dWlWZkDeFhyFZqaTRGLvFhy+Pjp2UxitEW6nDrw+pEDw/K9tJwMjIFMmTT9VfTqrnESmBHg==",
      "license": "MIT",
      "dependencies": {
        "tslib": "^2.5.2"
      },
      "engines": {
        "node": ">=16.0.0"
      }
    },
    "node_modules/@graphql-yoga/subscription": {
      "version": "4.0.0",
      "resolved": "https://registry.npmjs.org/@graphql-yoga/subscription/-/subscription-4.0.0.tgz",
      "integrity": "sha512-0qsN/BPPZNMoC2CZ8i+P6PgiJyHh1H35aKDt37qARBDaIOKDQuvEOq7+4txUKElcmXi7DYFo109FkhSQoEajrg==",
      "license": "MIT",
      "dependencies": {
        "@graphql-yoga/typed-event-target": "^2.0.0",
        "@repeaterjs/repeater": "^3.0.4",
        "@whatwg-node/events": "^0.1.0",
        "tslib": "^2.5.2"
      },
      "engines": {
        "node": ">=16.0.0"
      }
    },
    "node_modules/@graphql-yoga/typed-event-target": {
      "version": "2.0.0",
      "resolved": "https://registry.npmjs.org/@graphql-yoga/typed-event-target/-/typed-event-target-2.0.0.tgz",
      "integrity": "sha512-oA/VGxGmaSDym1glOHrltw43qZsFwLLjBwvh57B79UKX/vo3+UQcRgOyE44c5RP7DCYjkrC2tuArZmb6jCzysw==",
      "license": "MIT",
      "dependencies": {
        "@repeaterjs/repeater": "^3.0.4",
        "tslib": "^2.5.2"
      },
      "engines": {
        "node": ">=16.0.0"
      }
    },
    "node_modules/@kamilkisiela/fast-url-parser": {
      "version": "1.1.4",
      "resolved": "https://registry.npmjs.org/@kamilkisiela/fast-url-parser/-/fast-url-parser-1.1.4.tgz",
      "integrity": "sha512-gbkePEBupNydxCelHCESvFSFM8XPh1Zs/OAVRW/rKpEqPAl5PbOM90Si8mv9bvnR53uPD2s/FiRxdvSejpRJew==",
      "license": "MIT"
    },
    "node_modules/@repeaterjs/repeater": {
      "version": "3.0.6",
      "resolved": "https://registry.npmjs.org/@repeaterjs/repeater/-/repeater-3.0.6.tgz",
      "integrity": "sha512-Javneu5lsuhwNCryN+pXH93VPQ8g0dBX7wItHFgYiwQmzE1sVdg5tWHiOgHywzL2W21XQopa7IwIEnNbmeUJYA==",
      "license": "MIT"
    },
    "node_modules/@types/body-parser": {
      "version": "1.19.6",
      "resolved": "https://registry.npmjs.org/@types/body-parser/-/body-parser-1.19.6.tgz",
      "integrity": "sha512-HLFeCYgz89uk22N5Qg3dvGvsv46B8GLvKKo1zKG4NybA8U2DiEO3w9lqGg29t/tfLRJpJ6iQxnVw4OnB7MoM9g==",
      "dev": true,
      "license": "MIT",
      "dependencies": {
        "@types/connect": "*",
        "@types/node": "*"
      }
    },
    "node_modules/@types/connect": {
      "version": "3.4.38",
      "resolved": "https://registry.npmjs.org/@types/connect/-/connect-3.4.38.tgz",
      "integrity": "sha512-K6uROf1LD88uDQqJCktA4yzL1YYAK6NgfsI0v/mTgyPKWsX1CnJ0XPSDhViejru1GcRkLWb8RlzFYJRqGUbaug==",
      "dev": true,
      "license": "MIT",
      "dependencies": {
        "@types/node": "*"
      }
    },
    "node_modules/@types/cookie": {
      "version": "0.5.4",
      "resolved": "https://registry.npmjs.org/@types/cookie/-/cookie-0.5.4.tgz",
      "integrity": "sha512-7z/eR6O859gyWIAjuvBWFzNURmf2oPBmJlfVWkwehU5nzIyjwBsTh7WMmEEV4JFnHuQ3ex4oyTvfKzcyJVDBNA==",
      "dev": true,
      "license": "MIT"
    },
    "node_modules/@types/cookie-parser": {
      "version": "1.4.10",
      "resolved": "https://registry.npmjs.org/@types/cookie-parser/-/cookie-parser-1.4.10.tgz",
      "integrity": "sha512-B4xqkqfZ8Wek+rCOeRxsjMS9OgvzebEzzLYw7NHYuvzb7IdxOkI0ZHGgeEBX4PUM7QGVvNSK60T3OvWj3YfBRg==",
      "dev": true,
      "license": "MIT",
      "peerDependencies": {
        "@types/express": "*"
      }
    },
    "node_modules/@types/express": {
      "version": "5.0.6",
      "resolved": "https://registry.npmjs.org/@types/express/-/express-5.0.6.tgz",
      "integrity": "sha512-sKYVuV7Sv9fbPIt/442koC7+IIwK5olP1KWeD88e/idgoJqDm3JV/YUiPwkoKK92ylff2MGxSz1CSjsXelx0YA==",
      "dev": true,
      "license": "MIT",
      "peer": true,
      "dependencies": {
        "@types/body-parser": "*",
        "@types/express-serve-static-core": "^5.0.0",
        "@types/serve-static": "^2"
      }
    },
    "node_modules/@types/express-serve-static-core": {
      "version": "5.1.1",
      "resolved": "https://registry.npmjs.org/@types/express-serve-static-core/-/express-serve-static-core-5.1.1.tgz",
      "integrity": "sha512-v4zIMr/cX7/d2BpAEX3KNKL/JrT1s43s96lLvvdTmza1oEvDudCqK9aF/djc/SWgy8Yh0h30TZx5VpzqFCxk5A==",
      "dev": true,
      "license": "MIT",
      "dependencies": {
        "@types/node": "*",
        "@types/qs": "*",
        "@types/range-parser": "*",
        "@types/send": "*"
      }
    },
    "node_modules/@types/http-errors": {
      "version": "2.0.5",
      "resolved": "https://registry.npmjs.org/@types/http-errors/-/http-errors-2.0.5.tgz",
      "integrity": "sha512-r8Tayk8HJnX0FztbZN7oVqGccWgw98T/0neJphO91KkmOzug1KkofZURD4UaD5uH8AqcFLfdPErnBod0u71/qg==",
      "dev": true,
      "license": "MIT"
    },
    "node_modules/@types/node": {
      "version": "25.5.0",
      "resolved": "https://registry.npmjs.org/@types/node/-/node-25.5.0.tgz",
      "integrity": "sha512-jp2P3tQMSxWugkCUKLRPVUpGaL5MVFwF8RDuSRztfwgN1wmqJeMSbKlnEtQqU8UrhTmzEmZdu2I6v2dpp7XIxw==",
      "devOptional": true,
      "license": "MIT",
      "peer": true,
      "dependencies": {
        "undici-types": "~7.18.0"
      }
    },
    "node_modules/@types/qs": {
      "version": "6.15.0",
      "resolved": "https://registry.npmjs.org/@types/qs/-/qs-6.15.0.tgz",
      "integrity": "sha512-JawvT8iBVWpzTrz3EGw9BTQFg3BQNmwERdKE22vlTxawwtbyUSlMppvZYKLZzB5zgACXdXxbD3m1bXaMqP/9ow==",
      "dev": true,
      "license": "MIT"
    },
    "node_modules/@types/range-parser": {
      "version": "1.2.7",
      "resolved": "https://registry.npmjs.org/@types/range-parser/-/range-parser-1.2.7.tgz",
      "integrity": "sha512-hKormJbkJqzQGhziax5PItDUTMAM9uE2XXQmM37dyd4hVM+5aVl7oVxMVUiVQn2oCQFN/LKCZdvSM0pFRqbSmQ==",
      "dev": true,
      "license": "MIT"
    },
    "node_modules/@types/send": {
      "version": "1.2.1",
      "resolved": "https://registry.npmjs.org/@types/send/-/send-1.2.1.tgz",
      "integrity": "sha512-arsCikDvlU99zl1g69TcAB3mzZPpxgw0UQnaHeC1Nwb015xp8bknZv5rIfri9xTOcMuaVgvabfIRA7PSZVuZIQ==",
      "dev": true,
      "license": "MIT",
      "dependencies": {
        "@types/node": "*"
      }
    },
    "node_modules/@types/serve-static": {
      "version": "2.2.0",
      "resolved": "https://registry.npmjs.org/@types/serve-static/-/serve-static-2.2.0.tgz",
      "integrity": "sha512-8mam4H1NHLtu7nmtalF7eyBH14QyOASmcxHhSfEoRyr0nP/YdoesEtU+uSRvMe96TW/HPTtkoKqQLl53N7UXMQ==",
      "dev": true,
      "license": "MIT",
      "dependencies": {
        "@types/http-errors": "*",
        "@types/node": "*"
      }
    },
    "node_modules/@whatwg-node/disposablestack": {
      "version": "0.0.6",
      "resolved": "https://registry.npmjs.org/@whatwg-node/disposablestack/-/disposablestack-0.0.6.tgz",
      "integrity": "sha512-LOtTn+JgJvX8WfBVJtF08TGrdjuFzGJc4mkP8EdDI8ADbvO7kiexYep1o8dwnt0okb0jYclCDXF13xU7Ge4zSw==",
      "license": "MIT",
      "dependencies": {
        "@whatwg-node/promise-helpers": "^1.0.0",
        "tslib": "^2.6.3"
      },
      "engines": {
        "node": ">=18.0.0"
      }
    },
    "node_modules/@whatwg-node/events": {
      "version": "0.1.2",
      "resolved": "https://registry.npmjs.org/@whatwg-node/events/-/events-0.1.2.tgz",
      "integrity": "sha512-ApcWxkrs1WmEMS2CaLLFUEem/49erT3sxIVjpzU5f6zmVcnijtDSrhoK2zVobOIikZJdH63jdAXOrvjf6eOUNQ==",
      "license": "MIT",
      "dependencies": {
        "tslib": "^2.6.3"
      },
      "engines": {
        "node": ">=18.0.0"
      }
    },
    "node_modules/@whatwg-node/fetch": {
      "version": "0.10.13",
      "resolved": "https://registry.npmjs.org/@whatwg-node/fetch/-/fetch-0.10.13.tgz",
      "integrity": "sha512-b4PhJ+zYj4357zwk4TTuF2nEe0vVtOrwdsrNo5hL+u1ojXNhh1FgJ6pg1jzDlwlT4oBdzfSwaBwMCtFCsIWg8Q==",
      "license": "MIT",
      "dependencies": {
        "@whatwg-node/node-fetch": "^0.8.3",
        "urlpattern-polyfill": "^10.0.0"
      },
      "engines": {
        "node": ">=18.0.0"
      }
    },
    "node_modules/@whatwg-node/node-fetch": {
      "version": "0.8.5",
      "resolved": "https://registry.npmjs.org/@whatwg-node/node-fetch/-/node-fetch-0.8.5.tgz",
      "integrity": "sha512-4xzCl/zphPqlp9tASLVeUhB5+WJHbuWGYpfoC2q1qh5dw0AqZBW7L27V5roxYWijPxj4sspRAAoOH3d2ztaHUQ==",
      "license": "MIT",
      "dependencies": {
        "@fastify/busboy": "^3.1.1",
        "@whatwg-node/disposablestack": "^0.0.6",
        "@whatwg-node/promise-helpers": "^1.3.2",
        "tslib": "^2.6.3"
      },
      "engines": {
        "node": ">=18.0.0"
      }
    },
    "node_modules/@whatwg-node/promise-helpers": {
      "version": "1.3.2",
      "resolved": "https://registry.npmjs.org/@whatwg-node/promise-helpers/-/promise-helpers-1.3.2.tgz",
      "integrity": "sha512-Nst5JdK47VIl9UcGwtv2Rcgyn5lWtZ0/mhRQ4G8NN2isxpq2TO30iqHzmwoJycjWuyUfg3GFXqP/gFHXeV57IA==",
      "license": "MIT",
      "dependencies": {
        "tslib": "^2.6.3"
      },
      "engines": {
        "node": ">=16.0.0"
      }
    },
    "node_modules/@whatwg-node/server": {
      "version": "0.9.71",
      "resolved": "https://registry.npmjs.org/@whatwg-node/server/-/server-0.9.71.tgz",
      "integrity": "sha512-ueFCcIPaMgtuYDS9u0qlUoEvj6GiSsKrwnOLPp9SshqjtcRaR1IEHRjoReq3sXNydsF5i0ZnmuYgXq9dV53t0g==",
      "license": "MIT",
      "dependencies": {
        "@whatwg-node/disposablestack": "^0.0.6",
        "@whatwg-node/fetch": "^0.10.5",
        "@whatwg-node/promise-helpers": "^1.2.2",
        "tslib": "^2.6.3"
      },
      "engines": {
        "node": ">=18.0.0"
      }
    },
    "node_modules/ajv": {
      "version": "8.18.0",
      "resolved": "https://registry.npmjs.org/ajv/-/ajv-8.18.0.tgz",
      "integrity": "sha512-PlXPeEWMXMZ7sPYOHqmDyCJzcfNrUr3fGNKtezX14ykXOEIvyK81d+qydx89KY5O71FKMPaQ2vBfBFI5NHR63A==",
      "license": "MIT",
      "dependencies": {
        "fast-deep-equal": "^3.1.3",
        "fast-uri": "^3.0.1",
        "json-schema-traverse": "^1.0.0",
        "require-from-string": "^2.0.2"
      },
      "funding": {
        "type": "github",
        "url": "https://github.com/sponsors/epoberezkin"
      }
    },
    "node_modules/ajv-formats": {
      "version": "3.0.1",
      "resolved": "https://registry.npmjs.org/ajv-formats/-/ajv-formats-3.0.1.tgz",
      "integrity": "sha512-8iUql50EUR+uUcdRQ3HDqa6EVyo3docL8g5WJ3FNcWmu62IbkGUue/pEyLBW8VGKKucTPgqeks4fIU1DA4yowQ==",
      "license": "MIT",
      "dependencies": {
        "ajv": "^8.0.0"
      },
      "peerDependencies": {
        "ajv": "^8.0.0"
      },
      "peerDependenciesMeta": {
        "ajv": {
          "optional": true
        }
      }
    },
    "node_modules/ajv/node_modules/fast-uri": {
      "version": "3.1.0",
      "resolved": "https://registry.npmjs.org/fast-uri/-/fast-uri-3.1.0.tgz",
      "integrity": "sha512-iPeeDKJSWf4IEOasVVrknXpaBV0IApz/gp7S2bb7Z4Lljbl2MGJRqInZiUrQwV16cpzw/D3S5j5Julj/gT52AA==",
      "funding": [
        {
          "type": "github",
          "url": "https://github.com/sponsors/fastify"
        },
        {
          "type": "opencollective",
          "url": "https://opencollective.com/fastify"
        }
      ],
      "license": "BSD-3-Clause"
    },
    "node_modules/busboy": {
      "version": "1.6.0",
      "resolved": "https://registry.npmjs.org/busboy/-/busboy-1.6.0.tgz",
      "integrity": "sha512-8SFQbg/0hQ9xy3UNTB0YEnsNBbWfhf7RtnzpL7TkBiTBRfrQ9Fxcnz7VJsleJpyp6rVLvXiuORqjlHi5q+PYuA==",
      "dependencies": {
        "streamsearch": "^1.1.0"
      },
      "engines": {
        "node": ">=10.16.0"
      }
    },
    "node_modules/cookie": {
      "version": "0.5.0",
      "resolved": "https://registry.npmjs.org/cookie/-/cookie-0.5.0.tgz",
      "integrity": "sha512-YZ3GUyn/o8gfKJlnlX7g7xq4gyO6OSuhGPKaaGssGB2qgDUS0gPgtTvoyZLTt9Ab6dC4hfc9dV5arkvc/OCmrw==",
      "license": "MIT",
      "engines": {
        "node": ">= 0.6"
      }
    },
    "node_modules/cookie-parser": {
      "version": "1.4.7",
      "resolved": "https://registry.npmjs.org/cookie-parser/-/cookie-parser-1.4.7.tgz",
      "integrity": "sha512-nGUvgXnotP3BsjiLX2ypbQnWoGUPIIfHQNZkkC668ntrzGWEZVW70HDEB1qnNGMicPje6EttlIgzo51YSwNQGw==",
      "license": "MIT",
      "dependencies": {
        "cookie": "0.7.2",
        "cookie-signature": "1.0.6"
      },
      "engines": {
        "node": ">= 0.8.0"
      }
    },
    "node_modules/cookie-parser/node_modules/cookie": {
      "version": "0.7.2",
      "resolved": "https://registry.npmjs.org/cookie/-/cookie-0.7.2.tgz",
      "integrity": "sha512-yki5XnKuf750l50uGTllt6kKILY4nQ1eNIQatoXEByZ5dWgnKqbnqmTrBE5B4N7lrMJKQ2ytWMiTO2o0v6Ew/w==",
      "license": "MIT",
      "engines": {
        "node": ">= 0.6"
      }
    },
    "node_modules/cookie-signature": {
      "version": "1.0.6",
      "resolved": "https://registry.npmjs.org/cookie-signature/-/cookie-signature-1.0.6.tgz",
      "integrity": "sha512-QADzlaHc8icV8I7vbaJXJwod9HWYp8uCqf1xa4OfNu1T7JVxQIrUgOWtHdNDtPiywmFbiS12VjotIXLrKM3orQ==",
      "license": "MIT"
    },
    "node_modules/cross-inspect": {
      "version": "1.0.1",
      "resolved": "https://registry.npmjs.org/cross-inspect/-/cross-inspect-1.0.1.tgz",
      "integrity": "sha512-Pcw1JTvZLSJH83iiGWt6fRcT+BjZlCDRVwYLbUcHzv/CRpB7r0MlSrGbIyQvVSNyGnbt7G4AXuyCiDR3POvZ1A==",
      "license": "MIT",
      "dependencies": {
        "tslib": "^2.4.0"
      },
      "engines": {
        "node": ">=16.0.0"
      }
    },
    "node_modules/dataloader": {
      "version": "2.2.3",
      "resolved": "https://registry.npmjs.org/dataloader/-/dataloader-2.2.3.tgz",
      "integrity": "sha512-y2krtASINtPFS1rSDjacrFgn1dcUuoREVabwlOGOe4SdxenREqwjwjElAdwvbGM7kgZz9a3KVicWR7vcz8rnzA==",
      "license": "MIT"
    },
    "node_modules/dotenv": {
      "version": "16.6.1",
      "resolved": "https://registry.npmjs.org/dotenv/-/dotenv-16.6.1.tgz",
      "integrity": "sha512-uBq4egWHTcTt33a72vpSG0z3HnPuIl6NqYcTrKEg2azoEyl2hpW0zqlxysq2pK9HlDIHyHyakeYaYnSAwd8bow==",
      "license": "BSD-2-Clause",
      "engines": {
        "node": ">=12"
      },
      "funding": {
        "url": "https://dotenvx.com"
      }
    },
    "node_modules/dset": {
      "version": "3.1.4",
      "resolved": "https://registry.npmjs.org/dset/-/dset-3.1.4.tgz",
      "integrity": "sha512-2QF/g9/zTaPDc3BjNcVTGoBbXBgYfMTTceLaYcFJ/W9kggFUkhxD/hMEeuLKbugyef9SqAx8cpgwlIP/jinUTA==",
      "license": "MIT",
      "engines": {
        "node": ">=4"
      }
    },
    "node_modules/fast-decode-uri-component": {
      "version": "1.0.1",
      "resolved": "https://registry.npmjs.org/fast-decode-uri-component/-/fast-decode-uri-component-1.0.1.tgz",
      "integrity": "sha512-WKgKWg5eUxvRZGwW8FvfbaH7AXSh2cL+3j5fMGzUMCxWBJ3dV3a7Wz8y2f/uQ0e3B6WmodD3oS54jTQ9HVTIIg==",
      "license": "MIT"
    },
    "node_modules/fast-deep-equal": {
      "version": "3.1.3",
      "resolved": "https://registry.npmjs.org/fast-deep-equal/-/fast-deep-equal-3.1.3.tgz",
      "integrity": "sha512-f3qQ9oQy9j2AhBe/H9VC91wLmKBCCU/gDOnKNAYG5hswO7BLKj09Hc5HYNz9cGI++xlpDCIgDaitVs03ATR84Q==",
      "license": "MIT"
    },
    "node_modules/fast-json-stringify": {
      "version": "5.16.1",
      "resolved": "https://registry.npmjs.org/fast-json-stringify/-/fast-json-stringify-5.16.1.tgz",
      "integrity": "sha512-KAdnLvy1yu/XrRtP+LJnxbBGrhN+xXu+gt3EUvZhYGKCr3lFHq/7UFJHHFgmJKoqlh6B40bZLEv7w46B0mqn1g==",
      "license": "MIT",
      "dependencies": {
        "@fastify/merge-json-schemas": "^0.1.0",
        "ajv": "^8.10.0",
        "ajv-formats": "^3.0.1",
        "fast-deep-equal": "^3.1.3",
        "fast-uri": "^2.1.0",
        "json-schema-ref-resolver": "^1.0.1",
        "rfdc": "^1.2.0"
      }
    },
    "node_modules/fast-querystring": {
      "version": "1.1.2",
      "resolved": "https://registry.npmjs.org/fast-querystring/-/fast-querystring-1.1.2.tgz",
      "integrity": "sha512-g6KuKWmFXc0fID8WWH0jit4g0AGBoJhCkJMb1RmbsSEUNvQ+ZC8D6CUZ+GtF8nMzSPXnhiePyyqqipzNNEnHjg==",
      "license": "MIT",
      "dependencies": {
        "fast-decode-uri-component": "^1.0.1"
      }
    },
    "node_modules/fast-uri": {
      "version": "2.4.0",
      "resolved": "https://registry.npmjs.org/fast-uri/-/fast-uri-2.4.0.tgz",
      "integrity": "sha512-ypuAmmMKInk5q7XcepxlnUWDLWv4GFtaJqAzWKqn62IpQ3pejtr5dTVbt3vwqVaMKmkNR55sTT+CqUKIaT21BA==",
      "license": "MIT"
    },
    "node_modules/generate-function": {
      "version": "2.3.1",
      "resolved": "https://registry.npmjs.org/generate-function/-/generate-function-2.3.1.tgz",
      "integrity": "sha512-eeB5GfMNeevm/GRYq20ShmsaGcmI81kIX2K9XQx5miC8KdHaC6Jm0qQ8ZNeGOi7wYB8OsdxKs+Y2oVuTFuVwKQ==",
      "license": "MIT",
      "dependencies": {
        "is-property": "^1.0.2"
      }
    },
    "node_modules/graphql": {
      "version": "15.10.1",
      "resolved": "https://registry.npmjs.org/graphql/-/graphql-15.10.1.tgz",
      "integrity": "sha512-BL/Xd/T9baO6NFzoMpiMD7YUZ62R6viR5tp/MULVEnbYJXZA//kRNW7J0j1w/wXArgL0sCxhDfK5dczSKn3+cg==",
      "license": "MIT",
      "peer": true,
      "engines": {
        "node": ">= 10.x"
      }
    },
    "node_modules/graphql-jit": {
      "version": "0.8.7",
      "resolved": "https://registry.npmjs.org/graphql-jit/-/graphql-jit-0.8.7.tgz",
      "integrity": "sha512-KGzCrsxQPfEiXOUIJCexWKiWF6ycjO89kAO6SdO8OWRGwYXbG0hsLuTnbFfMq0gj7d7/ib/Gh7jtst7FHZEEjw==",
      "license": "MIT",
      "dependencies": {
        "@graphql-typed-document-node/core": "^3.2.0",
        "fast-json-stringify": "^5.16.1",
        "generate-function": "^2.3.1",
        "lodash.memoize": "^4.1.2",
        "lodash.merge": "4.6.2",
        "lodash.mergewith": "4.6.2"
      },
      "peerDependencies": {
        "graphql": ">=15"
      }
    },
    "node_modules/graphql-yoga": {
      "version": "4.0.5",
      "resolved": "https://registry.npmjs.org/graphql-yoga/-/graphql-yoga-4.0.5.tgz",
      "integrity": "sha512-vIbJU9QX5RP4PoxbMCHcfOlt/3EsC/0uLdAOlKaiUvlwJDTFCaIHo2X10vL4i/27Gw8g90ECIwm2YbmeLDwcqg==",
      "license": "MIT",
      "dependencies": {
        "@envelop/core": "^4.0.0",
        "@graphql-tools/executor": "^1.0.0",
        "@graphql-tools/schema": "^10.0.0",
        "@graphql-tools/utils": "^10.0.0",
        "@graphql-yoga/logger": "^1.0.0",
        "@graphql-yoga/subscription": "^4.0.0",
        "@whatwg-node/fetch": "^0.9.7",
        "@whatwg-node/server": "^0.9.1",
        "dset": "^3.1.1",
        "lru-cache": "^10.0.0",
        "tslib": "^2.5.2"
      },
      "engines": {
        "node": ">=16.0.0"
      },
      "peerDependencies": {
        "graphql": "^15.2.0 || ^16.0.0"
      }
    },
    "node_modules/graphql-yoga/node_modules/@graphql-tools/utils": {
      "version": "10.11.0",
      "resolved": "https://registry.npmjs.org/@graphql-tools/utils/-/utils-10.11.0.tgz",
      "integrity": "sha512-iBFR9GXIs0gCD+yc3hoNswViL1O5josI33dUqiNStFI/MHLCEPduasceAcazRH77YONKNiviHBV8f7OgcT4o2Q==",
      "license": "MIT",
      "dependencies": {
        "@graphql-typed-document-node/core": "^3.1.1",
        "@whatwg-node/promise-helpers": "^1.0.0",
        "cross-inspect": "1.0.1",
        "tslib": "^2.4.0"
      },
      "engines": {
        "node": ">=16.0.0"
      },
      "peerDependencies": {
        "graphql": "^14.0.0 || ^15.0.0 || ^16.0.0 || ^17.0.0"
      }
    },
    "node_modules/graphql-yoga/node_modules/@whatwg-node/fetch": {
      "version": "0.9.23",
      "resolved": "https://registry.npmjs.org/@whatwg-node/fetch/-/fetch-0.9.23.tgz",
      "integrity": "sha512-7xlqWel9JsmxahJnYVUj/LLxWcnA93DR4c9xlw3U814jWTiYalryiH1qToik1hOxweKKRLi4haXHM5ycRksPBA==",
      "license": "MIT",
      "dependencies": {
        "@whatwg-node/node-fetch": "^0.6.0",
        "urlpattern-polyfill": "^10.0.0"
      },
      "engines": {
        "node": ">=18.0.0"
      }
    },
    "node_modules/graphql-yoga/node_modules/@whatwg-node/node-fetch": {
      "version": "0.6.0",
      "resolved": "https://registry.npmjs.org/@whatwg-node/node-fetch/-/node-fetch-0.6.0.tgz",
      "integrity": "sha512-tcZAhrpx6oVlkEsRngeTEEE7I5/QdLjeEz4IlekabGaESP7+Dkm/6a9KcF1KdCBB7mO9PXtBkwCuTCt8+UPg8Q==",
      "license": "MIT",
      "dependencies": {
        "@kamilkisiela/fast-url-parser": "^1.1.4",
        "busboy": "^1.6.0",
        "fast-querystring": "^1.1.1",
        "tslib": "^2.6.3"
      },
      "engines": {
        "node": ">=18.0.0"
      }
    },
    "node_modules/is-property": {
      "version": "1.0.2",
      "resolved": "https://registry.npmjs.org/is-property/-/is-property-1.0.2.tgz",
      "integrity": "sha512-Ks/IoX00TtClbGQr4TWXemAnktAQvYB7HzcCxDGqEZU6oCmb2INHuOoKxbtR+HFkmYWBKv/dOZtGRiAjDhj92g==",
      "license": "MIT"
    },
    "node_modules/json-schema-ref-resolver": {
      "version": "1.0.1",
      "resolved": "https://registry.npmjs.org/json-schema-ref-resolver/-/json-schema-ref-resolver-1.0.1.tgz",
      "integrity": "sha512-EJAj1pgHc1hxF6vo2Z3s69fMjO1INq6eGHXZ8Z6wCQeldCuwxGK9Sxf4/cScGn3FZubCVUehfWtcDM/PLteCQw==",
      "license": "MIT",
      "dependencies": {
        "fast-deep-equal": "^3.1.3"
      }
    },
    "node_modules/json-schema-traverse": {
      "version": "1.0.0",
      "resolved": "https://registry.npmjs.org/json-schema-traverse/-/json-schema-traverse-1.0.0.tgz",
      "integrity": "sha512-NM8/P9n3XjXhIZn1lLhkFaACTOURQXjWhV4BA/RnOv8xvgqtqpAX9IO4mRQxSx1Rlo4tqzeqb0sOlruaOy3dug==",
      "license": "MIT"
    },
    "node_modules/lodash.memoize": {
      "version": "4.1.2",
      "resolved": "https://registry.npmjs.org/lodash.memoize/-/lodash.memoize-4.1.2.tgz",
      "integrity": "sha512-t7j+NzmgnQzTAYXcsHYLgimltOV1MXHtlOWf6GjL9Kj8GK5FInw5JotxvbOs+IvV1/Dzo04/fCGfLVs7aXb4Ag==",
      "license": "MIT"
    },
    "node_modules/lodash.merge": {
      "version": "4.6.2",
      "resolved": "https://registry.npmjs.org/lodash.merge/-/lodash.merge-4.6.2.tgz",
      "integrity": "sha512-0KpjqXRVvrYyCsX1swR/XTK0va6VQkQM6MNo7PqW77ByjAhoARA8EfrP1N4+KlKj8YS0ZUCtRT/YUuhyYDujIQ==",
      "license": "MIT"
    },
    "node_modules/lodash.mergewith": {
      "version": "4.6.2",
      "resolved": "https://registry.npmjs.org/lodash.mergewith/-/lodash.mergewith-4.6.2.tgz",
      "integrity": "sha512-GK3g5RPZWTRSeLSpgP8Xhra+pnjBC56q9FZYe1d5RN3TJ35dbkGy3YqBSMbyCrlbi+CM9Z3Jk5yTL7RCsqboyQ==",
      "license": "MIT"
    },
    "node_modules/lru-cache": {
      "version": "10.4.3",
      "resolved": "https://registry.npmjs.org/lru-cache/-/lru-cache-10.4.3.tgz",
      "integrity": "sha512-JNAzZcXrCt42VGLuYz0zfAzDfAvJWW6AfYlDBQyDV5DClI2m5sAmK+OIO7s59XfsRsWHp02jAJrRadPRGTt6SQ==",
      "license": "ISC"
    },
    "node_modules/meros": {
      "version": "1.3.2",
      "resolved": "https://registry.npmjs.org/meros/-/meros-1.3.2.tgz",
      "integrity": "sha512-Q3mobPbvEx7XbwhnC1J1r60+5H6EZyNccdzSz0eGexJRwouUtTZxPVRGdqKtxlpD84ScK4+tIGldkqDtCKdI0A==",
      "license": "MIT",
      "engines": {
        "node": ">=13"
      },
      "peerDependencies": {
        "@types/node": ">=13"
      },
      "peerDependenciesMeta": {
        "@types/node": {
          "optional": true
        }
      }
    },
    "node_modules/require-from-string": {
      "version": "2.0.2",
      "resolved": "https://registry.npmjs.org/require-from-string/-/require-from-string-2.0.2.tgz",
      "integrity": "sha512-Xf0nWe6RseziFMu+Ap9biiUbmplq6S9/p+7w7YXP/JBHhrUDDUhwa+vANyubuqfZWTveU//DYVGsDG7RKL/vEw==",
      "license": "MIT",
      "engines": {
        "node": ">=0.10.0"
      }
    },
    "node_modules/rfdc": {
      "version": "1.4.1",
      "resolved": "https://registry.npmjs.org/rfdc/-/rfdc-1.4.1.tgz",
      "integrity": "sha512-q1b3N5QkRUWUl7iyylaaj3kOpIT0N2i9MqIEQXP73GVsN9cw3fdx8X63cEmWhJGi2PPCF23Ijp7ktmd39rawIA==",
      "license": "MIT"
    },
    "node_modules/streamsearch": {
      "version": "1.1.0",
      "resolved": "https://registry.npmjs.org/streamsearch/-/streamsearch-1.1.0.tgz",
      "integrity": "sha512-Mcc5wHehp9aXz1ax6bZUyY5afg9u2rv5cqQI3mRrYkGC8rW2hM02jWuwjtL++LS5qinSyhj2QfLyNsuc+VsExg==",
      "engines": {
        "node": ">=10.0.0"
      }
    },
    "node_modules/tslib": {
      "version": "2.8.1",
      "resolved": "https://registry.npmjs.org/tslib/-/tslib-2.8.1.tgz",
      "integrity": "sha512-oJFu94HQb+KVduSUQL7wnpmqnfmLsOA/nAh6b6EH0wCEoK0/mPeXU6c3wKDV83MkOuHPRHtSXKKU99IBazS/2w==",
      "license": "0BSD"
    },
    "node_modules/typescript": {
      "version": "5.9.3",
      "resolved": "https://registry.npmjs.org/typescript/-/typescript-5.9.3.tgz",
      "integrity": "sha512-jl1vZzPDinLr9eUt3J/t7V6FgNEw9QjvBPdysz9KfQDD41fQrC2Y4vKQdiaUpFT4bXlb1RHhLpp8wtm6M5TgSw==",
      "dev": true,
      "license": "Apache-2.0",
      "bin": {
        "tsc": "bin/tsc",
        "tsserver": "bin/tsserver"
      },
      "engines": {
        "node": ">=14.17"
      }
    },
    "node_modules/undici-types": {
      "version": "7.18.2",
      "resolved": "https://registry.npmjs.org/undici-types/-/undici-types-7.18.2.tgz",
      "integrity": "sha512-AsuCzffGHJybSaRrmr5eHr81mwJU3kjw6M+uprWvCXiNeN9SOGwQ3Jn8jb8m3Z6izVgknn1R0FTCEAP2QrLY/w==",
      "devOptional": true,
      "license": "MIT"
    },
    "node_modules/urlpattern-polyfill": {
      "version": "10.1.0",
      "resolved": "https://registry.npmjs.org/urlpattern-polyfill/-/urlpattern-polyfill-10.1.0.tgz",
      "integrity": "sha512-IGjKp/o0NL3Bso1PymYURCJxMPNAf/ILOpendP9f5B6e1rTJgdgiOvgfoT8VxCAdY+Wisb9uhGaJJf3yZ2V9nw==",
      "license": "MIT"
    },
    "node_modules/uWebSockets.js": {
      "version": "20.59.0",
      "resolved": "git+ssh://git@github.com/uNetworking/uWebSockets.js.git#e38c6ebde147c91ca75536db780480458440ece5",
      "license": "Apache-2.0"
    }
  }
}
